
Microsoft Visual Studio Solution File, Format Version 12.00
# Visual Studio Version 17
VisualStudioVersion = 17.3.32825.248
MinimumVisualStudioVersion = 10.0.40219.1
Project("{FAE04EC0-301F-11D3-BF4B-00C04F79EFBC}") = "Old Books", "Old Books\Old Books.csproj", "{4BA26053-6AA5-4525-A1D7-F3E096AF1D84}"
EndProject
Project("{FAE04EC0-301F-11D3-BF4B-00C04F79EFBC}") = "Exam Preparation", "Exam Preparation\Exam Preparation.csproj", "{3789ED1A-6B11-4D20-AB2B-A1E4AD668728}"
EndProject
Project("{FAE04EC0-301F-11D3-BF4B-00C04F79EFBC}") = "Vacation", "Vacation\Vacation.csproj", "{06E9D703-83D9-4F8F-BFF1-B38DDC5C7FF2}"
EndProject
Project("{FAE04EC0-301F-11D3-BF4B-00C04F79EFBC}") = "Walking", "Walking\Walking.csproj", "{C8E42F5A-3737-45FD-AFE2-3D403E755F70}"
EndProject
Project("{FAE04EC0-301F-11D3-BF4B-00C04F79EFBC}") = "Coins", "Coins\Coins.csproj", "{368FF860-6A16-410F-A8E7-DAA0ECB7E6A2}"
EndProject
Project("{FAE04EC0-301F-11D3-BF4B-00C04F79EFBC}") = "Cake", "Cake\Cake.csproj", "{5696BA8D-447C-4FC3-8CEA-AFB55AEAF95C}"
EndProject
Project("{FAE04EC0-301F-11D3-BF4B-00C04F79EFBC}") = "Moving", "Moving\Moving.csproj", "{7B7591B9-2187-4DD4-9872-4516786F0F50}"
EndProject
Global
	GlobalSection(SolutionConfigurationPlatforms) = preSolution
		Debug|Any CPU = Debug|Any CPU
		Release|Any CPU = Release|Any CPU
	EndGlobalSection
	GlobalSection(ProjectConfigurationPlatforms) = postSolution
		{4BA26053-6AA5-4525-A1D7-F3E096AF1D84}.Debug|Any CPU.ActiveCfg = Debug|Any CPU
		{4BA26053-6AA5-4525-A1D7-F3E096AF1D84}.Debug|Any CPU.Build.0 = Debug|Any CPU
		{4BA26053-6AA5-4525-A1D7-F3E096AF1D84}.Release|Any CPU.ActiveCfg = Release|Any CPU
		{4BA26053-6AA5-4525-A1D7-F3E096AF1D84}.Release|Any CPU.Build.0 = Release|Any CPU
		{3789ED1A-6B11-4D20-AB2B-A1E4AD668728}.Debug|Any CPU.ActiveCfg = Debug|Any CPU
		{3789ED1A-6B11-4D20-AB2B-A1E4AD668728}.Debug|Any CPU.Build.0 = Debug|Any CPU
		{3789ED1A-6B11-4D20-AB2B-A1E4AD668728}.Release|Any CPU.ActiveCfg = Release|Any CPU
		{3789ED1A-6B11-4D20-AB2B-A1E4AD668728}.Release|Any CPU.Build.0 = Release|Any CPU
		{06E9D703-83D9-4F8F-BFF1-B38DDC5C7FF2}.Debug|Any CPU.ActiveCfg = Debug|Any CPU
		{06E9D703-83D9-4F8F-BFF1-B38DDC5C7FF2}.Debug|Any CPU.Build.0 = Debug|Any CPU
		{06E9D703-83D9-4F8F-BFF1-B38DDC5C7FF2}.Release|Any CPU.ActiveCfg = Release|Any CPU
		{06E9D703-83D9-4F8F-BFF1-B38DDC5C7FF2}.Release|Any CPU.Build.0 = Release|Any CPU
		{C8E42F5A-3737-45FD-AFE2-3D403E755F70}.Debug|Any CPU.ActiveCfg = Debug|Any CPU
		{C8E42F5A-3737-45FD-AFE2-3D403E755F70}.Debug|Any CPU.Build.0 = Debug|Any CPU
		{C8E42F5A-3737-45FD-AFE2-3D403E755F70}.Release|Any CPU.ActiveCfg = Release|Any CPU
		{C8E42F5A-3737-45FD-AFE2-3D403E755F70}.Release|Any CPU.Build.0 = Release|Any CPU
		{368FF860-6A16-410F-A8E7-DAA0ECB7E6A2}.Debug|Any CPU.ActiveCfg = Debug|Any CPU
		{368FF860-6A16-410F-A8E7-DAA0ECB7E6A2}.Debug|Any CPU.Build.0 = Debug|Any CPU
		{368FF860-6A16-410F-A8E7-DAA0ECB7E6A2}.Release|Any CPU.ActiveCfg = Release|Any CPU
		{368FF860-6A16-410F-A8E7-DAA0ECB7E6A2}.Release|Any CPU.Build.0 = Release|Any CPU
		{5696BA8D-447C-4FC3-8CEA-AFB55AEAF95C}.Debug|Any CPU.ActiveCfg = Debug|Any CPU
		{5696BA8D-447C-4FC3-8CEA-AFB55AEAF95C}.Debug|Any CPU.Build.0 = Debug|Any CPU
		{5696BA8D-447C-4FC3-8CEA-AFB55AEAF95C}.Release|Any CPU.ActiveCfg = Release|Any CPU
		{5696BA8D-447C-4FC3-8CEA-AFB55AEAF95C}.Release|Any CPU.Build.0 = Release|Any CPU
		{7B7591B9-2187-4DD4-9872-4516786F0F50}.Debug|Any CPU.ActiveCfg = Debug|Any CPU
		{7B7591B9-2187-4DD4-9872-4516786F0F50}.Debug|Any CPU.Build.0 = Debug|Any CPU
		{7B7591B9-2187-4DD4-9872-4516786F0F50}.Release|Any CPU.ActiveCfg = Release|Any CPU
		{7B7591B9-2187-4DD4-9872-4516786F0F50}.Release|Any CPU.Build.0 = Release|Any CPU
	EndGlobalSection
	GlobalSection(SolutionProperties) = preSolution
		HideSolutionNode = FALSE
	EndGlobalSection
	GlobalSection(ExtensibilityGlobals) = postSolution
		SolutionGuid = {2BE7E3CC-FD18-4A49-A78C-1191E7B17699}
	EndGlobalSection
EndGlobal
